
Microsoft Visual Studio Solution File, Format Version 12.00
# Visual Studio Version 17
VisualStudioVersion = 17.0.31903.59
MinimumVisualStudioVersion = 10.0.40219.1
Project("{2150E333-8FDC-42A3-9474-1A3956D46DE8}") = "src", "src", "{C9E69D2B-D619-4C34-846B-A6BABBC6214C}"
EndProject
Project("{FAE04EC0-301F-11D3-BF4B-00C04F79EFBC}") = "DnDepcheckerApp", "src\DnDepcheckerApp\DnDepcheckerApp.csproj", "{9B20C81A-1B08-4323-854F-3BDC8D5DE82A}"
EndProject
Project("{FAE04EC0-301F-11D3-BF4B-00C04F79EFBC}") = "DnDepcheckerApi", "src\DnDepcheckerApi\DnDepcheckerApi.csproj", "{223A043F-1D2B-4284-989D-3C9618624BE7}"
EndProject
Global
	GlobalSection(SolutionConfigurationPlatforms) = preSolution
		Debug|Any CPU = Debug|Any CPU
		Release|Any CPU = Release|Any CPU
	EndGlobalSection
	GlobalSection(SolutionProperties) = preSolution
		HideSolutionNode = FALSE
	EndGlobalSection
	GlobalSection(ProjectConfigurationPlatforms) = postSolution
		{9B20C81A-1B08-4323-854F-3BDC8D5DE82A}.Debug|Any CPU.ActiveCfg = Debug|Any CPU
		{9B20C81A-1B08-4323-854F-3BDC8D5DE82A}.Debug|Any CPU.Build.0 = Debug|Any CPU
		{9B20C81A-1B08-4323-854F-3BDC8D5DE82A}.Release|Any CPU.ActiveCfg = Release|Any CPU
		{9B20C81A-1B08-4323-854F-3BDC8D5DE82A}.Release|Any CPU.Build.0 = Release|Any CPU
		{223A043F-1D2B-4284-989D-3C9618624BE7}.Debug|Any CPU.ActiveCfg = Debug|Any CPU
		{223A043F-1D2B-4284-989D-3C9618624BE7}.Debug|Any CPU.Build.0 = Debug|Any CPU
		{223A043F-1D2B-4284-989D-3C9618624BE7}.Release|Any CPU.ActiveCfg = Release|Any CPU
		{223A043F-1D2B-4284-989D-3C9618624BE7}.Release|Any CPU.Build.0 = Release|Any CPU
	EndGlobalSection
	GlobalSection(NestedProjects) = preSolution
		{9B20C81A-1B08-4323-854F-3BDC8D5DE82A} = {C9E69D2B-D619-4C34-846B-A6BABBC6214C}
		{223A043F-1D2B-4284-989D-3C9618624BE7} = {C9E69D2B-D619-4C34-846B-A6BABBC6214C}
	EndGlobalSection
EndGlobal
